
Microsoft Visual Studio Solution File, Format Version 12.00
# Visual Studio Version 17
VisualStudioVersion = 17.0.31903.59
MinimumVisualStudioVersion = 10.0.40219.1
Project("{9A19103F-16F7-4668-BE54-9A1E7A4F7556}") = "Api", "Api\Api.csproj", "{7143C6BF-19A2-422C-93D4-248C6190DAE7}"
EndProject
Project("{9A19103F-16F7-4668-BE54-9A1E7A4F7556}") = "Core", "Core\Core.csproj", "{89855E5A-D4AD-4DAC-BA4A-B13F24B3D98C}"
EndProject
Project("{9A19103F-16F7-4668-BE54-9A1E7A4F7556}") = "infrastructure", "infrastructure\infrastructure.csproj", "{61167711-9607-4A60-BF62-A4661969E91D}"
EndProject
Project("{FAE04EC0-301F-11D3-BF4B-00C04F79EFBC}") = "Testing", "Testing\Testing.csproj", "{A3E9563F-4076-43AC-B37E-1583F7F17949}"
EndProject
Global
	GlobalSection(SolutionConfigurationPlatforms) = preSolution
		Debug|Any CPU = Debug|Any CPU
		Release|Any CPU = Release|Any CPU
	EndGlobalSection
	GlobalSection(ProjectConfigurationPlatforms) = postSolution
		{7143C6BF-19A2-422C-93D4-248C6190DAE7}.Debug|Any CPU.ActiveCfg = Debug|Any CPU
		{7143C6BF-19A2-422C-93D4-248C6190DAE7}.Debug|Any CPU.Build.0 = Debug|Any CPU
		{7143C6BF-19A2-422C-93D4-248C6190DAE7}.Release|Any CPU.ActiveCfg = Release|Any CPU
		{7143C6BF-19A2-422C-93D4-248C6190DAE7}.Release|Any CPU.Build.0 = Release|Any CPU
		{89855E5A-D4AD-4DAC-BA4A-B13F24B3D98C}.Debug|Any CPU.ActiveCfg = Debug|Any CPU
		{89855E5A-D4AD-4DAC-BA4A-B13F24B3D98C}.Debug|Any CPU.Build.0 = Debug|Any CPU
		{89855E5A-D4AD-4DAC-BA4A-B13F24B3D98C}.Release|Any CPU.ActiveCfg = Release|Any CPU
		{89855E5A-D4AD-4DAC-BA4A-B13F24B3D98C}.Release|Any CPU.Build.0 = Release|Any CPU
		{61167711-9607-4A60-BF62-A4661969E91D}.Debug|Any CPU.ActiveCfg = Debug|Any CPU
		{61167711-9607-4A60-BF62-A4661969E91D}.Debug|Any CPU.Build.0 = Debug|Any CPU
		{61167711-9607-4A60-BF62-A4661969E91D}.Release|Any CPU.ActiveCfg = Release|Any CPU
		{61167711-9607-4A60-BF62-A4661969E91D}.Release|Any CPU.Build.0 = Release|Any CPU
		{A3E9563F-4076-43AC-B37E-1583F7F17949}.Debug|Any CPU.ActiveCfg = Debug|Any CPU
		{A3E9563F-4076-43AC-B37E-1583F7F17949}.Debug|Any CPU.Build.0 = Debug|Any CPU
		{A3E9563F-4076-43AC-B37E-1583F7F17949}.Release|Any CPU.ActiveCfg = Release|Any CPU
		{A3E9563F-4076-43AC-B37E-1583F7F17949}.Release|Any CPU.Build.0 = Release|Any CPU
	EndGlobalSection
	GlobalSection(SolutionProperties) = preSolution
		HideSolutionNode = FALSE
	EndGlobalSection
	GlobalSection(ExtensibilityGlobals) = postSolution
		SolutionGuid = {6757EC33-B33E-4E4C-A445-67DB46BD9E8A}
	EndGlobalSection
EndGlobal
